<Solution>
  <Folder Name="/src/" />
  <Folder Name="/src/AppHost/">
    <Project Path="src/AppHost/Microservices.AppHost/Microservices.AppHost.csproj" />
  </Folder>
  <Folder Name="/src/Services/" />
  <Folder Name="/src/Services/ServiceTemplate/">
    <Project Path="src/Services/ServiceTemplate/ServiceTemplate.Api/ServiceTemplate.Api.csproj" />
    <Project Path="src/Services/ServiceTemplate/ServiceTemplate.Migrator/ServiceTemplate.Migrator.csproj" />
  </Folder>
  <Folder Name="/src/Shared/">
    <Project Path="src/Shared/Microservices.Application/Microservices.Application.csproj" />
    <Project Path="src/Shared/Microservices.Contracts/Microservices.Contracts.csproj" />
    <Project Path="src/Shared/Microservices.Messaging/Microservices.Messaging.csproj" />
    <Project Path="src/Shared/Microservices.Persistence.Postgres/Microservices.Persistence.Postgres.csproj" />
    <Project Path="src/Shared/Microservices.Security/Microservices.Security.csproj" />
    <Project Path="src/Shared/Microservices.ServiceDefaults/Microservices.ServiceDefaults.csproj" />
  </Folder>
  <Folder Name="/tests/">
    <Project Path="tests/Microservices.ArchitectureTests/Microservices.ArchitectureTests.csproj" />
    <Project Path="tests/Microservices.Messaging.Tests/Microservices.Messaging.Tests.csproj" />
    <Project Path="tests/Microservices.Security.Tests/Microservices.Security.Tests.csproj" />
  </Folder>
</Solution>
